
Microsoft Visual Studio Solution File, Format Version 12.00
# Visual Studio Version 17
VisualStudioVersion = 17.14.36915.13
MinimumVisualStudioVersion = 10.0.40219.1
Project("{8BC9CEB8-8B4A-11D0-8D11-00A0C91BC942}") = "kmdf", "kmdf\kmdf.vcxproj", "{C3DECF1D-A2B5-44C2-5884-6514CE46EB10}"
EndProject
Project("{8BC9CEB8-8B4A-11D0-8D11-00A0C91BC942}") = "PsSetLoadImageNotifyRoutine", "PsSetLoadImageNotifyRoutine\PsSetLoadImageNotifyRoutine.vcxproj", "{00494254-4893-913B-08A5-DA6169B39AA8}"
EndProject
Project("{8BC9CEB8-8B4A-11D0-8D11-00A0C91BC942}") = "PsSetCreateProcessNotifyRoutine", "PsSetCreateProcessNotifyRoutine\PsSetCreateProcessNotifyRoutine.vcxproj", "{413207C5-EFC6-EC93-D0A7-5731FD82B023}"
EndProject
Project("{8BC9CEB8-8B4A-11D0-8D11-00A0C91BC942}") = "PsSetCreateThreadNotifyRoutine", "PsSetCreateThreadNotifyRoutine\PsSetCreateThreadNotifyRoutine.vcxproj", "{1E67D51B-6BF0-8BBB-3046-30066BBC34AC}"
EndProject
Project("{8BC9CEB8-8B4A-11D0-8D11-00A0C91BC942}") = "ObRegisterCallbacks", "ObRegisterCallbacks\ObRegisterCallbacks.vcxproj", "{D03E26A4-1719-9F9B-004E-B7E552E732B3}"
EndProject
Project("{8BC9CEB8-8B4A-11D0-8D11-00A0C91BC942}") = "KeServiceDescriptorTable", "KeServiceDescriptorTable\KeServiceDescriptorTable.vcxproj", "{46A1070F-DB12-81B6-71C0-54B3C66B5257}"
EndProject
Project("{8BC9CEB8-8B4A-11D0-8D11-00A0C91BC942}") = "Support", "Support\Support.vcxproj", "{88D16AE3-AE25-AF7E-6604-359DBE2945B6}"
EndProject
Project("{8BC9CEB8-8B4A-11D0-8D11-00A0C91BC942}") = "CmRegisterCallback", "CmRegisterCallback\CmRegisterCallback.vcxproj", "{4545417E-08B1-A1E3-C777-EF5A96DD8B71}"
EndProject
Project("{8BC9CEB8-8B4A-11D0-8D11-00A0C91BC942}") = "IoRegisterShutdownNotification", "IoRegisterShutdownNotification\IoRegisterShutdownNotification.vcxproj", "{158671B4-FE4A-35B3-78D0-0F64DC10DD5A}"
EndProject
Project("{8BC9CEB8-8B4A-11D0-8D11-00A0C91BC942}") = "KeRegisterBugCheckCallback", "KeRegisterBugCheckCallback\KeRegisterBugCheckCallback.vcxproj", "{192A7663-382D-4F22-96B8-9BA021359706}"
EndProject
Project("{8BC9CEB8-8B4A-11D0-8D11-00A0C91BC942}") = "ExRegisterCallback", "ExRegisterCallback\ExRegisterCallback.vcxproj", "{5A0F9FA9-2099-0D1E-DC5A-4C9178C33F14}"
EndProject
Project("{8BC9CEB8-8B4A-11D0-8D11-00A0C91BC942}") = "PspCidTable", "PspCidTable\PspCidTable.vcxproj", "{4DEBA008-DCD7-4387-A808-D7A674B453C9}"
EndProject
Project("{8BC9CEB8-8B4A-11D0-8D11-00A0C91BC942}") = "KeIpiGenericCall", "KeIpiGenericCall\KeIpiGenericCall.vcxproj", "{43FF30FA-26DB-B7B6-926A-524102154D1B}"
EndProject
Project("{8BC9CEB8-8B4A-11D0-8D11-00A0C91BC942}") = "KeStackAttachProcess", "KeStackAttachProcess\KeStackAttachProcess.vcxproj", "{B47E2F63-D539-4B94-575B-958A8EC4753C}"
EndProject
Project("{8BC9CEB8-8B4A-11D0-8D11-00A0C91BC942}") = "KeSetSystemGroupAffinityThread", "KeSetSystemGroupAffinityThread\KeSetSystemGroupAffinityThread.vcxproj", "{D58A8534-CB0C-7B1A-2F16-931E064E607C}"
EndProject
Project("{8BC9CEB8-8B4A-11D0-8D11-00A0C91BC942}") = "PsCreateSystemThread", "PsCreateSystemThread\PsCreateSystemThread.vcxproj", "{951D5D8B-49D2-F2A8-E689-3CB8E9BC307C}"
EndProject
Project("{8BC9CEB8-8B4A-11D0-8D11-00A0C91BC942}") = "KeWaitForSingleObject", "KeWaitForSingleObject\KeWaitForSingleObject.vcxproj", "{204816FF-AF68-AA0A-70CC-0809EB28A434}"
EndProject
Project("{8BC9CEB8-8B4A-11D0-8D11-00A0C91BC942}") = "KeWaitForMultipleObjects", "KeWaitForMultipleObjects\KeWaitForMultipleObjects.vcxproj", "{94F1FB8B-373A-DCDA-BC96-445117500FD5}"
EndProject
Project("{8BC9CEB8-8B4A-11D0-8D11-00A0C91BC942}") = "KeGenericCallDpc", "KeGenericCallDpc\KeGenericCallDpc.vcxproj", "{CB88E254-C267-AA3C-698F-DE397E98BBF9}"
EndProject
Project("{8BC9CEB8-8B4A-11D0-8D11-00A0C91BC942}") = "KeRegisterNmiCallback", "KeRegisterNmiCallback\KeRegisterNmiCallback.vcxproj", "{9CF85F3C-31D8-26DE-26F8-39EB1B8F341A}"
EndProject
Project("{8BC9CEB8-8B4A-11D0-8D11-00A0C91BC942}") = "KeSynchronizeExecution", "KeSynchronizeExecution\KeSynchronizeExecution.vcxproj", "{CE660B79-44A9-535A-046D-940767F41DAD}"
EndProject
Project("{8BC9CEB8-8B4A-11D0-8D11-00A0C91BC942}") = "MmAllocateContiguousMemory", "MmAllocateContiguousMemory\MmAllocateContiguousMemory.vcxproj", "{0EA998D2-319B-0804-EEA4-86A93BD035E3}"
EndProject
Project("{8BC9CEB8-8B4A-11D0-8D11-00A0C91BC942}") = "ExQueueWorkItem", "ExQueueWorkItem\ExQueueWorkItem.vcxproj", "{9E3C6F58-E894-9E0F-C4A2-FFFCB4EB90FC}"
EndProject
Project("{8BC9CEB8-8B4A-11D0-8D11-00A0C91BC942}") = "ProbeForRead", "ProbeForRead\ProbeForRead.vcxproj", "{A9245432-E8ED-C00A-93D5-EBE113494DA4}"
EndProject
Project("{8BC9CEB8-8B4A-11D0-8D11-00A0C91BC942}") = "ProbeForWrite", "ProbeForWrite\ProbeForWrite.vcxproj", "{DA3580A4-2FCC-EA98-28AD-909FCC1AD6B5}"
EndProject
Project("{8BC9CEB8-8B4A-11D0-8D11-00A0C91BC942}") = "ZwCreateFile", "ZwCreateFile\ZwCreateFile.vcxproj", "{AAEDD15F-CE53-2328-734F-07A1D0BF303A}"
EndProject
Project("{8BC9CEB8-8B4A-11D0-8D11-00A0C91BC942}") = "ZwCreateSection", "ZwCreateSection\ZwCreateSection.vcxproj", "{5FCBDBA1-9E2C-EC53-DEEC-2A1E09BF94E2}"
EndProject
Global
	GlobalSection(SolutionConfigurationPlatforms) = preSolution
		Debug|ARM64 = Debug|ARM64
		Debug|x64 = Debug|x64
		Release|ARM64 = Release|ARM64
		Release|x64 = Release|x64
	EndGlobalSection
	GlobalSection(ProjectConfigurationPlatforms) = postSolution
		{C3DECF1D-A2B5-44C2-5884-6514CE46EB10}.Debug|ARM64.ActiveCfg = Debug|ARM64
		{C3DECF1D-A2B5-44C2-5884-6514CE46EB10}.Debug|ARM64.Build.0 = Debug|ARM64
		{C3DECF1D-A2B5-44C2-5884-6514CE46EB10}.Debug|ARM64.Deploy.0 = Debug|ARM64
		{C3DECF1D-A2B5-44C2-5884-6514CE46EB10}.Debug|x64.ActiveCfg = Debug|x64
		{C3DECF1D-A2B5-44C2-5884-6514CE46EB10}.Debug|x64.Build.0 = Debug|x64
		{C3DECF1D-A2B5-44C2-5884-6514CE46EB10}.Debug|x64.Deploy.0 = Debug|x64
		{C3DECF1D-A2B5-44C2-5884-6514CE46EB10}.Release|ARM64.ActiveCfg = Release|ARM64
		{C3DECF1D-A2B5-44C2-5884-6514CE46EB10}.Release|ARM64.Build.0 = Release|ARM64
		{C3DECF1D-A2B5-44C2-5884-6514CE46EB10}.Release|ARM64.Deploy.0 = Release|ARM64
		{C3DECF1D-A2B5-44C2-5884-6514CE46EB10}.Release|x64.ActiveCfg = Release|x64
		{C3DECF1D-A2B5-44C2-5884-6514CE46EB10}.Release|x64.Build.0 = Release|x64
		{C3DECF1D-A2B5-44C2-5884-6514CE46EB10}.Release|x64.Deploy.0 = Release|x64
		{00494254-4893-913B-08A5-DA6169B39AA8}.Debug|ARM64.ActiveCfg = Debug|ARM64
		{00494254-4893-913B-08A5-DA6169B39AA8}.Debug|ARM64.Build.0 = Debug|ARM64
		{00494254-4893-913B-08A5-DA6169B39AA8}.Debug|ARM64.Deploy.0 = Debug|ARM64
		{00494254-4893-913B-08A5-DA6169B39AA8}.Debug|x64.ActiveCfg = Debug|x64
		{00494254-4893-913B-08A5-DA6169B39AA8}.Debug|x64.Build.0 = Debug|x64
		{00494254-4893-913B-08A5-DA6169B39AA8}.Debug|x64.Deploy.0 = Debug|x64
		{00494254-4893-913B-08A5-DA6169B39AA8}.Release|ARM64.ActiveCfg = Release|ARM64
		{00494254-4893-913B-08A5-DA6169B39AA8}.Release|ARM64.Build.0 = Release|ARM64
		{00494254-4893-913B-08A5-DA6169B39AA8}.Release|ARM64.Deploy.0 = Release|ARM64
		{00494254-4893-913B-08A5-DA6169B39AA8}.Release|x64.ActiveCfg = Release|x64
		{00494254-4893-913B-08A5-DA6169B39AA8}.Release|x64.Build.0 = Release|x64
		{00494254-4893-913B-08A5-DA6169B39AA8}.Release|x64.Deploy.0 = Release|x64
		{413207C5-EFC6-EC93-D0A7-5731FD82B023}.Debug|ARM64.ActiveCfg = Debug|ARM64
		{413207C5-EFC6-EC93-D0A7-5731FD82B023}.Debug|ARM64.Build.0 = Debug|ARM64
		{413207C5-EFC6-EC93-D0A7-5731FD82B023}.Debug|ARM64.Deploy.0 = Debug|ARM64
		{413207C5-EFC6-EC93-D0A7-5731FD82B023}.Debug|x64.ActiveCfg = Debug|x64
		{413207C5-EFC6-EC93-D0A7-5731FD82B023}.Debug|x64.Build.0 = Debug|x64
		{413207C5-EFC6-EC93-D0A7-5731FD82B023}.Debug|x64.Deploy.0 = Debug|x64
		{413207C5-EFC6-EC93-D0A7-5731FD82B023}.Release|ARM64.ActiveCfg = Release|ARM64
		{413207C5-EFC6-EC93-D0A7-5731FD82B023}.Release|ARM64.Build.0 = Release|ARM64
		{413207C5-EFC6-EC93-D0A7-5731FD82B023}.Release|ARM64.Deploy.0 = Release|ARM64
		{413207C5-EFC6-EC93-D0A7-5731FD82B023}.Release|x64.ActiveCfg = Release|x64
		{413207C5-EFC6-EC93-D0A7-5731FD82B023}.Release|x64.Build.0 = Release|x64
		{413207C5-EFC6-EC93-D0A7-5731FD82B023}.Release|x64.Deploy.0 = Release|x64
		{1E67D51B-6BF0-8BBB-3046-30066BBC34AC}.Debug|ARM64.ActiveCfg = Debug|ARM64
		{1E67D51B-6BF0-8BBB-3046-30066BBC34AC}.Debug|ARM64.Build.0 = Debug|ARM64
		{1E67D51B-6BF0-8BBB-3046-30066BBC34AC}.Debug|ARM64.Deploy.0 = Debug|ARM64
		{1E67D51B-6BF0-8BBB-3046-30066BBC34AC}.Debug|x64.ActiveCfg = Debug|x64
		{1E67D51B-6BF0-8BBB-3046-30066BBC34AC}.Debug|x64.Build.0 = Debug|x64
		{1E67D51B-6BF0-8BBB-3046-30066BBC34AC}.Debug|x64.Deploy.0 = Debug|x64
		{1E67D51B-6BF0-8BBB-3046-30066BBC34AC}.Release|ARM64.ActiveCfg = Release|ARM64
		{1E67D51B-6BF0-8BBB-3046-30066BBC34AC}.Release|ARM64.Build.0 = Release|ARM64
		{1E67D51B-6BF0-8BBB-3046-30066BBC34AC}.Release|ARM64.Deploy.0 = Release|ARM64
		{1E67D51B-6BF0-8BBB-3046-30066BBC34AC}.Release|x64.ActiveCfg = Release|x64
		{1E67D51B-6BF0-8BBB-3046-30066BBC34AC}.Release|x64.Build.0 = Release|x64
		{1E67D51B-6BF0-8BBB-3046-30066BBC34AC}.Release|x64.Deploy.0 = Release|x64
		{D03E26A4-1719-9F9B-004E-B7E552E732B3}.Debug|ARM64.ActiveCfg = Debug|ARM64
		{D03E26A4-1719-9F9B-004E-B7E552E732B3}.Debug|ARM64.Build.0 = Debug|ARM64
		{D03E26A4-1719-9F9B-004E-B7E552E732B3}.Debug|ARM64.Deploy.0 = Debug|ARM64
		{D03E26A4-1719-9F9B-004E-B7E552E732B3}.Debug|x64.ActiveCfg = Debug|x64
		{D03E26A4-1719-9F9B-004E-B7E552E732B3}.Debug|x64.Build.0 = Debug|x64
		{D03E26A4-1719-9F9B-004E-B7E552E732B3}.Debug|x64.Deploy.0 = Debug|x64
		{D03E26A4-1719-9F9B-004E-B7E552E732B3}.Release|ARM64.ActiveCfg = Release|ARM64
		{D03E26A4-1719-9F9B-004E-B7E552E732B3}.Release|ARM64.Build.0 = Release|ARM64
		{D03E26A4-1719-9F9B-004E-B7E552E732B3}.Release|ARM64.Deploy.0 = Release|ARM64
		{D03E26A4-1719-9F9B-004E-B7E552E732B3}.Release|x64.ActiveCfg = Release|x64
		{D03E26A4-1719-9F9B-004E-B7E552E732B3}.Release|x64.Build.0 = Release|x64
		{D03E26A4-1719-9F9B-004E-B7E552E732B3}.Release|x64.Deploy.0 = Release|x64
		{46A1070F-DB12-81B6-71C0-54B3C66B5257}.Debug|ARM64.ActiveCfg = Debug|ARM64
		{46A1070F-DB12-81B6-71C0-54B3C66B5257}.Debug|ARM64.Build.0 = Debug|ARM64
		{46A1070F-DB12-81B6-71C0-54B3C66B5257}.Debug|ARM64.Deploy.0 = Debug|ARM64
		{46A1070F-DB12-81B6-71C0-54B3C66B5257}.Debug|x64.ActiveCfg = Debug|x64
		{46A1070F-DB12-81B6-71C0-54B3C66B5257}.Debug|x64.Build.0 = Debug|x64
		{46A1070F-DB12-81B6-71C0-54B3C66B5257}.Debug|x64.Deploy.0 = Debug|x64
		{46A1070F-DB12-81B6-71C0-54B3C66B5257}.Release|ARM64.ActiveCfg = Release|ARM64
		{46A1070F-DB12-81B6-71C0-54B3C66B5257}.Release|ARM64.Build.0 = Release|ARM64
		{46A1070F-DB12-81B6-71C0-54B3C66B5257}.Release|ARM64.Deploy.0 = Release|ARM64
		{46A1070F-DB12-81B6-71C0-54B3C66B5257}.Release|x64.ActiveCfg = Release|x64
		{46A1070F-DB12-81B6-71C0-54B3C66B5257}.Release|x64.Build.0 = Release|x64
		{46A1070F-DB12-81B6-71C0-54B3C66B5257}.Release|x64.Deploy.0 = Release|x64
		{88D16AE3-AE25-AF7E-6604-359DBE2945B6}.Debug|ARM64.ActiveCfg = Debug|ARM64
		{88D16AE3-AE25-AF7E-6604-359DBE2945B6}.Debug|ARM64.Build.0 = Debug|ARM64
		{88D16AE3-AE25-AF7E-6604-359DBE2945B6}.Debug|ARM64.Deploy.0 = Debug|ARM64
		{88D16AE3-AE25-AF7E-6604-359DBE2945B6}.Debug|x64.ActiveCfg = Debug|x64
		{88D16AE3-AE25-AF7E-6604-359DBE2945B6}.Debug|x64.Build.0 = Debug|x64
		{88D16AE3-AE25-AF7E-6604-359DBE2945B6}.Debug|x64.Deploy.0 = Debug|x64
		{88D16AE3-AE25-AF7E-6604-359DBE2945B6}.Release|ARM64.ActiveCfg = Release|ARM64
		{88D16AE3-AE25-AF7E-6604-359DBE2945B6}.Release|ARM64.Build.0 = Release|ARM64
		{88D16AE3-AE25-AF7E-6604-359DBE2945B6}.Release|ARM64.Deploy.0 = Release|ARM64
		{88D16AE3-AE25-AF7E-6604-359DBE2945B6}.Release|x64.ActiveCfg = Release|x64
		{88D16AE3-AE25-AF7E-6604-359DBE2945B6}.Release|x64.Build.0 = Release|x64
		{88D16AE3-AE25-AF7E-6604-359DBE2945B6}.Release|x64.Deploy.0 = Release|x64
		{4545417E-08B1-A1E3-C777-EF5A96DD8B71}.Debug|ARM64.ActiveCfg = Debug|ARM64
		{4545417E-08B1-A1E3-C777-EF5A96DD8B71}.Debug|ARM64.Build.0 = Debug|ARM64
		{4545417E-08B1-A1E3-C777-EF5A96DD8B71}.Debug|ARM64.Deploy.0 = Debug|ARM64
		{4545417E-08B1-A1E3-C777-EF5A96DD8B71}.Debug|x64.ActiveCfg = Debug|x64
		{4545417E-08B1-A1E3-C777-EF5A96DD8B71}.Debug|x64.Build.0 = Debug|x64
		{4545417E-08B1-A1E3-C777-EF5A96DD8B71}.Debug|x64.Deploy.0 = Debug|x64
		{4545417E-08B1-A1E3-C777-EF5A96DD8B71}.Release|ARM64.ActiveCfg = Release|ARM64
		{4545417E-08B1-A1E3-C777-EF5A96DD8B71}.Release|ARM64.Build.0 = Release|ARM64
		{4545417E-08B1-A1E3-C777-EF5A96DD8B71}.Release|ARM64.Deploy.0 = Release|ARM64
		{4545417E-08B1-A1E3-C777-EF5A96DD8B71}.Release|x64.ActiveCfg = Release|x64
		{4545417E-08B1-A1E3-C777-EF5A96DD8B71}.Release|x64.Build.0 = Release|x64
		{4545417E-08B1-A1E3-C777-EF5A96DD8B71}.Release|x64.Deploy.0 = Release|x64
		{158671B4-FE4A-35B3-78D0-0F64DC10DD5A}.Debug|ARM64.ActiveCfg = Debug|ARM64
		{158671B4-FE4A-35B3-78D0-0F64DC10DD5A}.Debug|ARM64.Build.0 = Debug|ARM64
		{158671B4-FE4A-35B3-78D0-0F64DC10DD5A}.Debug|ARM64.Deploy.0 = Debug|ARM64
		{158671B4-FE4A-35B3-78D0-0F64DC10DD5A}.Debug|x64.ActiveCfg = Debug|x64
		{158671B4-FE4A-35B3-78D0-0F64DC10DD5A}.Debug|x64.Build.0 = Debug|x64
		{158671B4-FE4A-35B3-78D0-0F64DC10DD5A}.Debug|x64.Deploy.0 = Debug|x64
		{158671B4-FE4A-35B3-78D0-0F64DC10DD5A}.Release|ARM64.ActiveCfg = Release|ARM64
		{158671B4-FE4A-35B3-78D0-0F64DC10DD5A}.Release|ARM64.Build.0 = Release|ARM64
		{158671B4-FE4A-35B3-78D0-0F64DC10DD5A}.Release|ARM64.Deploy.0 = Release|ARM64
		{158671B4-FE4A-35B3-78D0-0F64DC10DD5A}.Release|x64.ActiveCfg = Release|x64
		{158671B4-FE4A-35B3-78D0-0F64DC10DD5A}.Release|x64.Build.0 = Release|x64
		{158671B4-FE4A-35B3-78D0-0F64DC10DD5A}.Release|x64.Deploy.0 = Release|x64
		{192A7663-382D-4F22-96B8-9BA021359706}.Debug|ARM64.ActiveCfg = Debug|ARM64
		{192A7663-382D-4F22-96B8-9BA021359706}.Debug|ARM64.Build.0 = Debug|ARM64
		{192A7663-382D-4F22-96B8-9BA021359706}.Debug|ARM64.Deploy.0 = Debug|ARM64
		{192A7663-382D-4F22-96B8-9BA021359706}.Debug|x64.ActiveCfg = Debug|x64
		{192A7663-382D-4F22-96B8-9BA021359706}.Debug|x64.Build.0 = Debug|x64
		{192A7663-382D-4F22-96B8-9BA021359706}.Debug|x64.Deploy.0 = Debug|x64
		{192A7663-382D-4F22-96B8-9BA021359706}.Release|ARM64.ActiveCfg = Release|ARM64
		{192A7663-382D-4F22-96B8-9BA021359706}.Release|ARM64.Build.0 = Release|ARM64
		{192A7663-382D-4F22-96B8-9BA021359706}.Release|ARM64.Deploy.0 = Release|ARM64
		{192A7663-382D-4F22-96B8-9BA021359706}.Release|x64.ActiveCfg = Release|x64
		{192A7663-382D-4F22-96B8-9BA021359706}.Release|x64.Build.0 = Release|x64
		{192A7663-382D-4F22-96B8-9BA021359706}.Release|x64.Deploy.0 = Release|x64
		{5A0F9FA9-2099-0D1E-DC5A-4C9178C33F14}.Debug|ARM64.ActiveCfg = Debug|ARM64
		{5A0F9FA9-2099-0D1E-DC5A-4C9178C33F14}.Debug|ARM64.Build.0 = Debug|ARM64
		{5A0F9FA9-2099-0D1E-DC5A-4C9178C33F14}.Debug|ARM64.Deploy.0 = Debug|ARM64
		{5A0F9FA9-2099-0D1E-DC5A-4C9178C33F14}.Debug|x64.ActiveCfg = Debug|x64
		{5A0F9FA9-2099-0D1E-DC5A-4C9178C33F14}.Debug|x64.Build.0 = Debug|x64
		{5A0F9FA9-2099-0D1E-DC5A-4C9178C33F14}.Debug|x64.Deploy.0 = Debug|x64
		{5A0F9FA9-2099-0D1E-DC5A-4C9178C33F14}.Release|ARM64.ActiveCfg = Release|ARM64
		{5A0F9FA9-2099-0D1E-DC5A-4C9178C33F14}.Release|ARM64.Build.0 = Release|ARM64
		{5A0F9FA9-2099-0D1E-DC5A-4C9178C33F14}.Release|ARM64.Deploy.0 = Release|ARM64
		{5A0F9FA9-2099-0D1E-DC5A-4C9178C33F14}.Release|x64.ActiveCfg = Release|x64
		{5A0F9FA9-2099-0D1E-DC5A-4C9178C33F14}.Release|x64.Build.0 = Release|x64
		{5A0F9FA9-2099-0D1E-DC5A-4C9178C33F14}.Release|x64.Deploy.0 = Release|x64
		{4DEBA008-DCD7-4387-A808-D7A674B453C9}.Debug|ARM64.ActiveCfg = Debug|ARM64
		{4DEBA008-DCD7-4387-A808-D7A674B453C9}.Debug|ARM64.Build.0 = Debug|ARM64
		{4DEBA008-DCD7-4387-A808-D7A674B453C9}.Debug|ARM64.Deploy.0 = Debug|ARM64
		{4DEBA008-DCD7-4387-A808-D7A674B453C9}.Debug|x64.ActiveCfg = Debug|x64
		{4DEBA008-DCD7-4387-A808-D7A674B453C9}.Debug|x64.Build.0 = Debug|x64
		{4DEBA008-DCD7-4387-A808-D7A674B453C9}.Debug|x64.Deploy.0 = Debug|x64
		{4DEBA008-DCD7-4387-A808-D7A674B453C9}.Release|ARM64.ActiveCfg = Release|ARM64
		{4DEBA008-DCD7-4387-A808-D7A674B453C9}.Release|ARM64.Build.0 = Release|ARM64
		{4DEBA008-DCD7-4387-A808-D7A674B453C9}.Release|ARM64.Deploy.0 = Release|ARM64
		{4DEBA008-DCD7-4387-A808-D7A674B453C9}.Release|x64.ActiveCfg = Release|x64
		{4DEBA008-DCD7-4387-A808-D7A674B453C9}.Release|x64.Build.0 = Release|x64
		{4DEBA008-DCD7-4387-A808-D7A674B453C9}.Release|x64.Deploy.0 = Release|x64
		{43FF30FA-26DB-B7B6-926A-524102154D1B}.Debug|ARM64.ActiveCfg = Debug|ARM64
		{43FF30FA-26DB-B7B6-926A-524102154D1B}.Debug|ARM64.Build.0 = Debug|ARM64
		{43FF30FA-26DB-B7B6-926A-524102154D1B}.Debug|ARM64.Deploy.0 = Debug|ARM64
		{43FF30FA-26DB-B7B6-926A-524102154D1B}.Debug|x64.ActiveCfg = Debug|x64
		{43FF30FA-26DB-B7B6-926A-524102154D1B}.Debug|x64.Build.0 = Debug|x64
		{43FF30FA-26DB-B7B6-926A-524102154D1B}.Debug|x64.Deploy.0 = Debug|x64
		{43FF30FA-26DB-B7B6-926A-524102154D1B}.Release|ARM64.ActiveCfg = Release|ARM64
		{43FF30FA-26DB-B7B6-926A-524102154D1B}.Release|ARM64.Build.0 = Release|ARM64
		{43FF30FA-26DB-B7B6-926A-524102154D1B}.Release|ARM64.Deploy.0 = Release|ARM64
		{43FF30FA-26DB-B7B6-926A-524102154D1B}.Release|x64.ActiveCfg = Release|x64
		{43FF30FA-26DB-B7B6-926A-524102154D1B}.Release|x64.Build.0 = Release|x64
		{43FF30FA-26DB-B7B6-926A-524102154D1B}.Release|x64.Deploy.0 = Release|x64
		{B47E2F63-D539-4B94-575B-958A8EC4753C}.Debug|ARM64.ActiveCfg = Debug|ARM64
		{B47E2F63-D539-4B94-575B-958A8EC4753C}.Debug|ARM64.Build.0 = Debug|ARM64
		{B47E2F63-D539-4B94-575B-958A8EC4753C}.Debug|ARM64.Deploy.0 = Debug|ARM64
		{B47E2F63-D539-4B94-575B-958A8EC4753C}.Debug|x64.ActiveCfg = Debug|x64
		{B47E2F63-D539-4B94-575B-958A8EC4753C}.Debug|x64.Build.0 = Debug|x64
		{B47E2F63-D539-4B94-575B-958A8EC4753C}.Debug|x64.Deploy.0 = Debug|x64
		{B47E2F63-D539-4B94-575B-958A8EC4753C}.Release|ARM64.ActiveCfg = Release|ARM64
		{B47E2F63-D539-4B94-575B-958A8EC4753C}.Release|ARM64.Build.0 = Release|ARM64
		{B47E2F63-D539-4B94-575B-958A8EC4753C}.Release|ARM64.Deploy.0 = Release|ARM64
		{B47E2F63-D539-4B94-575B-958A8EC4753C}.Release|x64.ActiveCfg = Release|x64
		{B47E2F63-D539-4B94-575B-958A8EC4753C}.Release|x64.Build.0 = Release|x64
		{B47E2F63-D539-4B94-575B-958A8EC4753C}.Release|x64.Deploy.0 = Release|x64
		{D58A8534-CB0C-7B1A-2F16-931E064E607C}.Debug|ARM64.ActiveCfg = Debug|ARM64
		{D58A8534-CB0C-7B1A-2F16-931E064E607C}.Debug|ARM64.Build.0 = Debug|ARM64
		{D58A8534-CB0C-7B1A-2F16-931E064E607C}.Debug|ARM64.Deploy.0 = Debug|ARM64
		{D58A8534-CB0C-7B1A-2F16-931E064E607C}.Debug|x64.ActiveCfg = Debug|x64
		{D58A8534-CB0C-7B1A-2F16-931E064E607C}.Debug|x64.Build.0 = Debug|x64
		{D58A8534-CB0C-7B1A-2F16-931E064E607C}.Debug|x64.Deploy.0 = Debug|x64
		{D58A8534-CB0C-7B1A-2F16-931E064E607C}.Release|ARM64.ActiveCfg = Release|ARM64
		{D58A8534-CB0C-7B1A-2F16-931E064E607C}.Release|ARM64.Build.0 = Release|ARM64
		{D58A8534-CB0C-7B1A-2F16-931E064E607C}.Release|ARM64.Deploy.0 = Release|ARM64
		{D58A8534-CB0C-7B1A-2F16-931E064E607C}.Release|x64.ActiveCfg = Release|x64
		{D58A8534-CB0C-7B1A-2F16-931E064E607C}.Release|x64.Build.0 = Release|x64
		{D58A8534-CB0C-7B1A-2F16-931E064E607C}.Release|x64.Deploy.0 = Release|x64
		{951D5D8B-49D2-F2A8-E689-3CB8E9BC307C}.Debug|ARM64.ActiveCfg = Debug|ARM64
		{951D5D8B-49D2-F2A8-E689-3CB8E9BC307C}.Debug|ARM64.Build.0 = Debug|ARM64
		{951D5D8B-49D2-F2A8-E689-3CB8E9BC307C}.Debug|ARM64.Deploy.0 = Debug|ARM64
		{951D5D8B-49D2-F2A8-E689-3CB8E9BC307C}.Debug|x64.ActiveCfg = Debug|x64
		{951D5D8B-49D2-F2A8-E689-3CB8E9BC307C}.Debug|x64.Build.0 = Debug|x64
		{951D5D8B-49D2-F2A8-E689-3CB8E9BC307C}.Debug|x64.Deploy.0 = Debug|x64
		{951D5D8B-49D2-F2A8-E689-3CB8E9BC307C}.Release|ARM64.ActiveCfg = Release|ARM64
		{951D5D8B-49D2-F2A8-E689-3CB8E9BC307C}.Release|ARM64.Build.0 = Release|ARM64
		{951D5D8B-49D2-F2A8-E689-3CB8E9BC307C}.Release|ARM64.Deploy.0 = Release|ARM64
		{951D5D8B-49D2-F2A8-E689-3CB8E9BC307C}.Release|x64.ActiveCfg = Release|x64
		{951D5D8B-49D2-F2A8-E689-3CB8E9BC307C}.Release|x64.Build.0 = Release|x64
		{951D5D8B-49D2-F2A8-E689-3CB8E9BC307C}.Release|x64.Deploy.0 = Release|x64
		{204816FF-AF68-AA0A-70CC-0809EB28A434}.Debug|ARM64.ActiveCfg = Debug|ARM64
		{204816FF-AF68-AA0A-70CC-0809EB28A434}.Debug|ARM64.Build.0 = Debug|ARM64
		{204816FF-AF68-AA0A-70CC-0809EB28A434}.Debug|ARM64.Deploy.0 = Debug|ARM64
		{204816FF-AF68-AA0A-70CC-0809EB28A434}.Debug|x64.ActiveCfg = Debug|x64
		{204816FF-AF68-AA0A-70CC-0809EB28A434}.Debug|x64.Build.0 = Debug|x64
		{204816FF-AF68-AA0A-70CC-0809EB28A434}.Debug|x64.Deploy.0 = Debug|x64
		{204816FF-AF68-AA0A-70CC-0809EB28A434}.Release|ARM64.ActiveCfg = Release|ARM64
		{204816FF-AF68-AA0A-70CC-0809EB28A434}.Release|ARM64.Build.0 = Release|ARM64
		{204816FF-AF68-AA0A-70CC-0809EB28A434}.Release|ARM64.Deploy.0 = Release|ARM64
		{204816FF-AF68-AA0A-70CC-0809EB28A434}.Release|x64.ActiveCfg = Release|x64
		{204816FF-AF68-AA0A-70CC-0809EB28A434}.Release|x64.Build.0 = Release|x64
		{204816FF-AF68-AA0A-70CC-0809EB28A434}.Release|x64.Deploy.0 = Release|x64
		{94F1FB8B-373A-DCDA-BC96-445117500FD5}.Debug|ARM64.ActiveCfg = Debug|ARM64
		{94F1FB8B-373A-DCDA-BC96-445117500FD5}.Debug|ARM64.Build.0 = Debug|ARM64
		{94F1FB8B-373A-DCDA-BC96-445117500FD5}.Debug|ARM64.Deploy.0 = Debug|ARM64
		{94F1FB8B-373A-DCDA-BC96-445117500FD5}.Debug|x64.ActiveCfg = Debug|x64
		{94F1FB8B-373A-DCDA-BC96-445117500FD5}.Debug|x64.Build.0 = Debug|x64
		{94F1FB8B-373A-DCDA-BC96-445117500FD5}.Debug|x64.Deploy.0 = Debug|x64
		{94F1FB8B-373A-DCDA-BC96-445117500FD5}.Release|ARM64.ActiveCfg = Release|ARM64
		{94F1FB8B-373A-DCDA-BC96-445117500FD5}.Release|ARM64.Build.0 = Release|ARM64
		{94F1FB8B-373A-DCDA-BC96-445117500FD5}.Release|ARM64.Deploy.0 = Release|ARM64
		{94F1FB8B-373A-DCDA-BC96-445117500FD5}.Release|x64.ActiveCfg = Release|x64
		{94F1FB8B-373A-DCDA-BC96-445117500FD5}.Release|x64.Build.0 = Release|x64
		{94F1FB8B-373A-DCDA-BC96-445117500FD5}.Release|x64.Deploy.0 = Release|x64
		{CB88E254-C267-AA3C-698F-DE397E98BBF9}.Debug|ARM64.ActiveCfg = Debug|ARM64
		{CB88E254-C267-AA3C-698F-DE397E98BBF9}.Debug|ARM64.Build.0 = Debug|ARM64
		{CB88E254-C267-AA3C-698F-DE397E98BBF9}.Debug|ARM64.Deploy.0 = Debug|ARM64
		{CB88E254-C267-AA3C-698F-DE397E98BBF9}.Debug|x64.ActiveCfg = Debug|x64
		{CB88E254-C267-AA3C-698F-DE397E98BBF9}.Debug|x64.Build.0 = Debug|x64
		{CB88E254-C267-AA3C-698F-DE397E98BBF9}.Debug|x64.Deploy.0 = Debug|x64
		{CB88E254-C267-AA3C-698F-DE397E98BBF9}.Release|ARM64.ActiveCfg = Release|ARM64
		{CB88E254-C267-AA3C-698F-DE397E98BBF9}.Release|ARM64.Build.0 = Release|ARM64
		{CB88E254-C267-AA3C-698F-DE397E98BBF9}.Release|ARM64.Deploy.0 = Release|ARM64
		{CB88E254-C267-AA3C-698F-DE397E98BBF9}.Release|x64.ActiveCfg = Release|x64
		{CB88E254-C267-AA3C-698F-DE397E98BBF9}.Release|x64.Build.0 = Release|x64
		{CB88E254-C267-AA3C-698F-DE397E98BBF9}.Release|x64.Deploy.0 = Release|x64
		{9CF85F3C-31D8-26DE-26F8-39EB1B8F341A}.Debug|ARM64.ActiveCfg = Debug|ARM64
		{9CF85F3C-31D8-26DE-26F8-39EB1B8F341A}.Debug|ARM64.Build.0 = Debug|ARM64
		{9CF85F3C-31D8-26DE-26F8-39EB1B8F341A}.Debug|ARM64.Deploy.0 = Debug|ARM64
		{9CF85F3C-31D8-26DE-26F8-39EB1B8F341A}.Debug|x64.ActiveCfg = Debug|x64
		{9CF85F3C-31D8-26DE-26F8-39EB1B8F341A}.Debug|x64.Build.0 = Debug|x64
		{9CF85F3C-31D8-26DE-26F8-39EB1B8F341A}.Debug|x64.Deploy.0 = Debug|x64
		{9CF85F3C-31D8-26DE-26F8-39EB1B8F341A}.Release|ARM64.ActiveCfg = Release|ARM64
		{9CF85F3C-31D8-26DE-26F8-39EB1B8F341A}.Release|ARM64.Build.0 = Release|ARM64
		{9CF85F3C-31D8-26DE-26F8-39EB1B8F341A}.Release|ARM64.Deploy.0 = Release|ARM64
		{9CF85F3C-31D8-26DE-26F8-39EB1B8F341A}.Release|x64.ActiveCfg = Release|x64
		{9CF85F3C-31D8-26DE-26F8-39EB1B8F341A}.Release|x64.Build.0 = Release|x64
		{9CF85F3C-31D8-26DE-26F8-39EB1B8F341A}.Release|x64.Deploy.0 = Release|x64
		{CE660B79-44A9-535A-046D-940767F41DAD}.Debug|ARM64.ActiveCfg = Debug|ARM64
		{CE660B79-44A9-535A-046D-940767F41DAD}.Debug|ARM64.Build.0 = Debug|ARM64
		{CE660B79-44A9-535A-046D-940767F41DAD}.Debug|ARM64.Deploy.0 = Debug|ARM64
		{CE660B79-44A9-535A-046D-940767F41DAD}.Debug|x64.ActiveCfg = Debug|x64
		{CE660B79-44A9-535A-046D-940767F41DAD}.Debug|x64.Build.0 = Debug|x64
		{CE660B79-44A9-535A-046D-940767F41DAD}.Debug|x64.Deploy.0 = Debug|x64
		{CE660B79-44A9-535A-046D-940767F41DAD}.Release|ARM64.ActiveCfg = Release|ARM64
		{CE660B79-44A9-535A-046D-940767F41DAD}.Release|ARM64.Build.0 = Release|ARM64
		{CE660B79-44A9-535A-046D-940767F41DAD}.Release|ARM64.Deploy.0 = Release|ARM64
		{CE660B79-44A9-535A-046D-940767F41DAD}.Release|x64.ActiveCfg = Release|x64
		{CE660B79-44A9-535A-046D-940767F41DAD}.Release|x64.Build.0 = Release|x64
		{CE660B79-44A9-535A-046D-940767F41DAD}.Release|x64.Deploy.0 = Release|x64
		{0EA998D2-319B-0804-EEA4-86A93BD035E3}.Debug|ARM64.ActiveCfg = Debug|ARM64
		{0EA998D2-319B-0804-EEA4-86A93BD035E3}.Debug|ARM64.Build.0 = Debug|ARM64
		{0EA998D2-319B-0804-EEA4-86A93BD035E3}.Debug|ARM64.Deploy.0 = Debug|ARM64
		{0EA998D2-319B-0804-EEA4-86A93BD035E3}.Debug|x64.ActiveCfg = Debug|x64
		{0EA998D2-319B-0804-EEA4-86A93BD035E3}.Debug|x64.Build.0 = Debug|x64
		{0EA998D2-319B-0804-EEA4-86A93BD035E3}.Debug|x64.Deploy.0 = Debug|x64
		{0EA998D2-319B-0804-EEA4-86A93BD035E3}.Release|ARM64.ActiveCfg = Release|ARM64
		{0EA998D2-319B-0804-EEA4-86A93BD035E3}.Release|ARM64.Build.0 = Release|ARM64
		{0EA998D2-319B-0804-EEA4-86A93BD035E3}.Release|ARM64.Deploy.0 = Release|ARM64
		{0EA998D2-319B-0804-EEA4-86A93BD035E3}.Release|x64.ActiveCfg = Release|x64
		{0EA998D2-319B-0804-EEA4-86A93BD035E3}.Release|x64.Build.0 = Release|x64
		{0EA998D2-319B-0804-EEA4-86A93BD035E3}.Release|x64.Deploy.0 = Release|x64
		{9E3C6F58-E894-9E0F-C4A2-FFFCB4EB90FC}.Debug|ARM64.ActiveCfg = Debug|ARM64
		{9E3C6F58-E894-9E0F-C4A2-FFFCB4EB90FC}.Debug|ARM64.Build.0 = Debug|ARM64
		{9E3C6F58-E894-9E0F-C4A2-FFFCB4EB90FC}.Debug|ARM64.Deploy.0 = Debug|ARM64
		{9E3C6F58-E894-9E0F-C4A2-FFFCB4EB90FC}.Debug|x64.ActiveCfg = Debug|x64
		{9E3C6F58-E894-9E0F-C4A2-FFFCB4EB90FC}.Debug|x64.Build.0 = Debug|x64
		{9E3C6F58-E894-9E0F-C4A2-FFFCB4EB90FC}.Debug|x64.Deploy.0 = Debug|x64
		{9E3C6F58-E894-9E0F-C4A2-FFFCB4EB90FC}.Release|ARM64.ActiveCfg = Release|ARM64
		{9E3C6F58-E894-9E0F-C4A2-FFFCB4EB90FC}.Release|ARM64.Build.0 = Release|ARM64
		{9E3C6F58-E894-9E0F-C4A2-FFFCB4EB90FC}.Release|ARM64.Deploy.0 = Release|ARM64
		{9E3C6F58-E894-9E0F-C4A2-FFFCB4EB90FC}.Release|x64.ActiveCfg = Release|x64
		{9E3C6F58-E894-9E0F-C4A2-FFFCB4EB90FC}.Release|x64.Build.0 = Release|x64
		{9E3C6F58-E894-9E0F-C4A2-FFFCB4EB90FC}.Release|x64.Deploy.0 = Release|x64
		{A9245432-E8ED-C00A-93D5-EBE113494DA4}.Debug|ARM64.ActiveCfg = Debug|ARM64
		{A9245432-E8ED-C00A-93D5-EBE113494DA4}.Debug|ARM64.Build.0 = Debug|ARM64
		{A9245432-E8ED-C00A-93D5-EBE113494DA4}.Debug|ARM64.Deploy.0 = Debug|ARM64
		{A9245432-E8ED-C00A-93D5-EBE113494DA4}.Debug|x64.ActiveCfg = Debug|x64
		{A9245432-E8ED-C00A-93D5-EBE113494DA4}.Debug|x64.Build.0 = Debug|x64
		{A9245432-E8ED-C00A-93D5-EBE113494DA4}.Debug|x64.Deploy.0 = Debug|x64
		{A9245432-E8ED-C00A-93D5-EBE113494DA4}.Release|ARM64.ActiveCfg = Release|ARM64
		{A9245432-E8ED-C00A-93D5-EBE113494DA4}.Release|ARM64.Build.0 = Release|ARM64
		{A9245432-E8ED-C00A-93D5-EBE113494DA4}.Release|ARM64.Deploy.0 = Release|ARM64
		{A9245432-E8ED-C00A-93D5-EBE113494DA4}.Release|x64.ActiveCfg = Release|x64
		{A9245432-E8ED-C00A-93D5-EBE113494DA4}.Release|x64.Build.0 = Release|x64
		{A9245432-E8ED-C00A-93D5-EBE113494DA4}.Release|x64.Deploy.0 = Release|x64
		{DA3580A4-2FCC-EA98-28AD-909FCC1AD6B5}.Debug|ARM64.ActiveCfg = Debug|ARM64
		{DA3580A4-2FCC-EA98-28AD-909FCC1AD6B5}.Debug|ARM64.Build.0 = Debug|ARM64
		{DA3580A4-2FCC-EA98-28AD-909FCC1AD6B5}.Debug|ARM64.Deploy.0 = Debug|ARM64
		{DA3580A4-2FCC-EA98-28AD-909FCC1AD6B5}.Debug|x64.ActiveCfg = Debug|x64
		{DA3580A4-2FCC-EA98-28AD-909FCC1AD6B5}.Debug|x64.Build.0 = Debug|x64
		{DA3580A4-2FCC-EA98-28AD-909FCC1AD6B5}.Debug|x64.Deploy.0 = Debug|x64
		{DA3580A4-2FCC-EA98-28AD-909FCC1AD6B5}.Release|ARM64.ActiveCfg = Release|ARM64
		{DA3580A4-2FCC-EA98-28AD-909FCC1AD6B5}.Release|ARM64.Build.0 = Release|ARM64
		{DA3580A4-2FCC-EA98-28AD-909FCC1AD6B5}.Release|ARM64.Deploy.0 = Release|ARM64
		{DA3580A4-2FCC-EA98-28AD-909FCC1AD6B5}.Release|x64.ActiveCfg = Release|x64
		{DA3580A4-2FCC-EA98-28AD-909FCC1AD6B5}.Release|x64.Build.0 = Release|x64
		{DA3580A4-2FCC-EA98-28AD-909FCC1AD6B5}.Release|x64.Deploy.0 = Release|x64
		{AAEDD15F-CE53-2328-734F-07A1D0BF303A}.Debug|ARM64.ActiveCfg = Debug|ARM64
		{AAEDD15F-CE53-2328-734F-07A1D0BF303A}.Debug|ARM64.Build.0 = Debug|ARM64
		{AAEDD15F-CE53-2328-734F-07A1D0BF303A}.Debug|ARM64.Deploy.0 = Debug|ARM64
		{AAEDD15F-CE53-2328-734F-07A1D0BF303A}.Debug|x64.ActiveCfg = Debug|x64
		{AAEDD15F-CE53-2328-734F-07A1D0BF303A}.Debug|x64.Build.0 = Debug|x64
		{AAEDD15F-CE53-2328-734F-07A1D0BF303A}.Debug|x64.Deploy.0 = Debug|x64
		{AAEDD15F-CE53-2328-734F-07A1D0BF303A}.Release|ARM64.ActiveCfg = Release|ARM64
		{AAEDD15F-CE53-2328-734F-07A1D0BF303A}.Release|ARM64.Build.0 = Release|ARM64
		{AAEDD15F-CE53-2328-734F-07A1D0BF303A}.Release|ARM64.Deploy.0 = Release|ARM64
		{AAEDD15F-CE53-2328-734F-07A1D0BF303A}.Release|x64.ActiveCfg = Release|x64
		{AAEDD15F-CE53-2328-734F-07A1D0BF303A}.Release|x64.Build.0 = Release|x64
		{AAEDD15F-CE53-2328-734F-07A1D0BF303A}.Release|x64.Deploy.0 = Release|x64
		{5FCBDBA1-9E2C-EC53-DEEC-2A1E09BF94E2}.Debug|ARM64.ActiveCfg = Debug|ARM64
		{5FCBDBA1-9E2C-EC53-DEEC-2A1E09BF94E2}.Debug|ARM64.Build.0 = Debug|ARM64
		{5FCBDBA1-9E2C-EC53-DEEC-2A1E09BF94E2}.Debug|ARM64.Deploy.0 = Debug|ARM64
		{5FCBDBA1-9E2C-EC53-DEEC-2A1E09BF94E2}.Debug|x64.ActiveCfg = Debug|x64
		{5FCBDBA1-9E2C-EC53-DEEC-2A1E09BF94E2}.Debug|x64.Build.0 = Debug|x64
		{5FCBDBA1-9E2C-EC53-DEEC-2A1E09BF94E2}.Debug|x64.Deploy.0 = Debug|x64
		{5FCBDBA1-9E2C-EC53-DEEC-2A1E09BF94E2}.Release|ARM64.ActiveCfg = Release|ARM64
		{5FCBDBA1-9E2C-EC53-DEEC-2A1E09BF94E2}.Release|ARM64.Build.0 = Release|ARM64
		{5FCBDBA1-9E2C-EC53-DEEC-2A1E09BF94E2}.Release|ARM64.Deploy.0 = Release|ARM64
		{5FCBDBA1-9E2C-EC53-DEEC-2A1E09BF94E2}.Release|x64.ActiveCfg = Release|x64
		{5FCBDBA1-9E2C-EC53-DEEC-2A1E09BF94E2}.Release|x64.Build.0 = Release|x64
		{5FCBDBA1-9E2C-EC53-DEEC-2A1E09BF94E2}.Release|x64.Deploy.0 = Release|x64
	EndGlobalSection
	GlobalSection(SolutionProperties) = preSolution
		HideSolutionNode = FALSE
	EndGlobalSection
	GlobalSection(ExtensibilityGlobals) = postSolution
		SolutionGuid = {E1C7E9E0-85A8-4730-BC33-AAFE1BE8C008}
	EndGlobalSection
EndGlobal
